
Microsoft Visual Studio Solution File, Format Version 11.00
# Visual C++ Express 2010
Project("{8BC9CEB8-8B4A-11D0-8D11-00A0C91BC942}") = "Test 2", "Test 2\Test 2.vcxproj", "{D1D11CB5-A3BA-4666-950E-315683AF3DB9}"
EndProject
Global
	GlobalSection(SolutionConfigurationPlatforms) = preSolution
		Debug|Win32 = Debug|Win32
		Release|Win32 = Release|Win32
	EndGlobalSection
	GlobalSection(ProjectConfigurationPlatforms) = postSolution
		{D1D11CB5-A3BA-4666-950E-315683AF3DB9}.Debug|Win32.ActiveCfg = Debug|Win32
		{D1D11CB5-A3BA-4666-950E-315683AF3DB9}.Debug|Win32.Build.0 = Debug|Win32
		{D1D11CB5-A3BA-4666-950E-315683AF3DB9}.Release|Win32.ActiveCfg = Release|Win32
		{D1D11CB5-A3BA-4666-950E-315683AF3DB9}.Release|Win32.Build.0 = Release|Win32
	EndGlobalSection
	GlobalSection(SolutionProperties) = preSolution
		HideSolutionNode = FALSE
	EndGlobalSection
EndGlobal
