
Microsoft Visual Studio Solution File, Format Version 11.00
# Visual C++ Express 2010
Project("{8BC9CEB8-8B4A-11D0-8D11-00A0C91BC942}") = "Test 2", "Test 2\Test 2.vcxproj", "{33A96215-6F44-40EC-908B-6BB7233956A8}"
EndProject
Global
	GlobalSection(SolutionConfigurationPlatforms) = preSolution
		Debug|Win32 = Debug|Win32
		Release|Win32 = Release|Win32
	EndGlobalSection
	GlobalSection(ProjectConfigurationPlatforms) = postSolution
		{33A96215-6F44-40EC-908B-6BB7233956A8}.Debug|Win32.ActiveCfg = Debug|Win32
		{33A96215-6F44-40EC-908B-6BB7233956A8}.Debug|Win32.Build.0 = Debug|Win32
		{33A96215-6F44-40EC-908B-6BB7233956A8}.Release|Win32.ActiveCfg = Release|Win32
		{33A96215-6F44-40EC-908B-6BB7233956A8}.Release|Win32.Build.0 = Release|Win32
	EndGlobalSection
	GlobalSection(SolutionProperties) = preSolution
		HideSolutionNode = FALSE
	EndGlobalSection
EndGlobal
