
Microsoft Visual Studio Solution File, Format Version 11.00
# Visual C++ Express 2010
Project("{8BC9CEB8-8B4A-11D0-8D11-00A0C91BC942}") = "at the end of the lab period part 2", "at the end of the lab period part 2\at the end of the lab period part 2.vcxproj", "{B5DA70A9-B5A2-4AA6-8119-7911368291AA}"
EndProject
Global
	GlobalSection(SolutionConfigurationPlatforms) = preSolution
		Debug|Win32 = Debug|Win32
		Release|Win32 = Release|Win32
	EndGlobalSection
	GlobalSection(ProjectConfigurationPlatforms) = postSolution
		{B5DA70A9-B5A2-4AA6-8119-7911368291AA}.Debug|Win32.ActiveCfg = Debug|Win32
		{B5DA70A9-B5A2-4AA6-8119-7911368291AA}.Debug|Win32.Build.0 = Debug|Win32
		{B5DA70A9-B5A2-4AA6-8119-7911368291AA}.Release|Win32.ActiveCfg = Release|Win32
		{B5DA70A9-B5A2-4AA6-8119-7911368291AA}.Release|Win32.Build.0 = Release|Win32
	EndGlobalSection
	GlobalSection(SolutionProperties) = preSolution
		HideSolutionNode = FALSE
	EndGlobalSection
EndGlobal
