
Microsoft Visual Studio Solution File, Format Version 11.00
# Visual C++ Express 2010
Project("{8BC9CEB8-8B4A-11D0-8D11-00A0C91BC942}") = "Lab 7 Part 2", "Lab 7 Part 2\Lab 7 Part 2.vcxproj", "{8D06B241-8B09-43D8-86A6-AC3D5DC23781}"
EndProject
Global
	GlobalSection(SolutionConfigurationPlatforms) = preSolution
		Debug|Win32 = Debug|Win32
		Release|Win32 = Release|Win32
	EndGlobalSection
	GlobalSection(ProjectConfigurationPlatforms) = postSolution
		{8D06B241-8B09-43D8-86A6-AC3D5DC23781}.Debug|Win32.ActiveCfg = Debug|Win32
		{8D06B241-8B09-43D8-86A6-AC3D5DC23781}.Debug|Win32.Build.0 = Debug|Win32
		{8D06B241-8B09-43D8-86A6-AC3D5DC23781}.Release|Win32.ActiveCfg = Release|Win32
		{8D06B241-8B09-43D8-86A6-AC3D5DC23781}.Release|Win32.Build.0 = Release|Win32
	EndGlobalSection
	GlobalSection(SolutionProperties) = preSolution
		HideSolutionNode = FALSE
	EndGlobalSection
EndGlobal
