
Microsoft Visual Studio Solution File, Format Version 11.00
# Visual C++ Express 2010
Project("{8BC9CEB8-8B4A-11D0-8D11-00A0C91BC942}") = "Using Structures", "Using Structures\Using Structures.vcxproj", "{398292F4-D3A8-4537-ABA1-98152D48DA66}"
EndProject
Global
	GlobalSection(SolutionConfigurationPlatforms) = preSolution
		Debug|Win32 = Debug|Win32
		Release|Win32 = Release|Win32
	EndGlobalSection
	GlobalSection(ProjectConfigurationPlatforms) = postSolution
		{398292F4-D3A8-4537-ABA1-98152D48DA66}.Debug|Win32.ActiveCfg = Debug|Win32
		{398292F4-D3A8-4537-ABA1-98152D48DA66}.Debug|Win32.Build.0 = Debug|Win32
		{398292F4-D3A8-4537-ABA1-98152D48DA66}.Release|Win32.ActiveCfg = Release|Win32
		{398292F4-D3A8-4537-ABA1-98152D48DA66}.Release|Win32.Build.0 = Release|Win32
	EndGlobalSection
	GlobalSection(SolutionProperties) = preSolution
		HideSolutionNode = FALSE
	EndGlobalSection
EndGlobal
