
Microsoft Visual Studio Solution File, Format Version 11.00
# Visual C++ Express 2010
Project("{8BC9CEB8-8B4A-11D0-8D11-00A0C91BC942}") = "at the end of the lab period part 3", "at the end of the lab period part 3\at the end of the lab period part 3.vcxproj", "{0CB9D858-47EB-4CF1-B8CD-018660238C40}"
EndProject
Global
	GlobalSection(SolutionConfigurationPlatforms) = preSolution
		Debug|Win32 = Debug|Win32
		Release|Win32 = Release|Win32
	EndGlobalSection
	GlobalSection(ProjectConfigurationPlatforms) = postSolution
		{0CB9D858-47EB-4CF1-B8CD-018660238C40}.Debug|Win32.ActiveCfg = Debug|Win32
		{0CB9D858-47EB-4CF1-B8CD-018660238C40}.Debug|Win32.Build.0 = Debug|Win32
		{0CB9D858-47EB-4CF1-B8CD-018660238C40}.Release|Win32.ActiveCfg = Release|Win32
		{0CB9D858-47EB-4CF1-B8CD-018660238C40}.Release|Win32.Build.0 = Release|Win32
	EndGlobalSection
	GlobalSection(SolutionProperties) = preSolution
		HideSolutionNode = FALSE
	EndGlobalSection
EndGlobal
