
Microsoft Visual Studio Solution File, Format Version 11.00
# Visual C++ Express 2010
Project("{8BC9CEB8-8B4A-11D0-8D11-00A0C91BC942}") = "Comp Arch 2.3", "Comp Arch 2.3\Comp Arch 2.3.vcxproj", "{BF01663A-AFBA-436A-A047-CA5A88DB41CC}"
EndProject
Global
	GlobalSection(SolutionConfigurationPlatforms) = preSolution
		Debug|Win32 = Debug|Win32
		Release|Win32 = Release|Win32
	EndGlobalSection
	GlobalSection(ProjectConfigurationPlatforms) = postSolution
		{BF01663A-AFBA-436A-A047-CA5A88DB41CC}.Debug|Win32.ActiveCfg = Debug|Win32
		{BF01663A-AFBA-436A-A047-CA5A88DB41CC}.Debug|Win32.Build.0 = Debug|Win32
		{BF01663A-AFBA-436A-A047-CA5A88DB41CC}.Release|Win32.ActiveCfg = Release|Win32
		{BF01663A-AFBA-436A-A047-CA5A88DB41CC}.Release|Win32.Build.0 = Release|Win32
	EndGlobalSection
	GlobalSection(SolutionProperties) = preSolution
		HideSolutionNode = FALSE
	EndGlobalSection
EndGlobal
