
Microsoft Visual Studio Solution File, Format Version 11.00
# Visual C++ Express 2010
Project("{8BC9CEB8-8B4A-11D0-8D11-00A0C91BC942}") = "Test 9 pre", "Test 9 pre\Test 9 pre.vcxproj", "{7821BA8C-E31C-4F62-9872-E62A53575C75}"
EndProject
Global
	GlobalSection(SolutionConfigurationPlatforms) = preSolution
		Debug|Win32 = Debug|Win32
		Release|Win32 = Release|Win32
	EndGlobalSection
	GlobalSection(ProjectConfigurationPlatforms) = postSolution
		{7821BA8C-E31C-4F62-9872-E62A53575C75}.Debug|Win32.ActiveCfg = Debug|Win32
		{7821BA8C-E31C-4F62-9872-E62A53575C75}.Debug|Win32.Build.0 = Debug|Win32
		{7821BA8C-E31C-4F62-9872-E62A53575C75}.Release|Win32.ActiveCfg = Release|Win32
		{7821BA8C-E31C-4F62-9872-E62A53575C75}.Release|Win32.Build.0 = Release|Win32
	EndGlobalSection
	GlobalSection(SolutionProperties) = preSolution
		HideSolutionNode = FALSE
	EndGlobalSection
EndGlobal
