
Microsoft Visual Studio Solution File, Format Version 11.00
# Visual C++ Express 2010
Project("{8BC9CEB8-8B4A-11D0-8D11-00A0C91BC942}") = "c final", "c final\c final.vcxproj", "{F449E616-17AE-4C3F-9050-0A5814C23FAB}"
EndProject
Global
	GlobalSection(SolutionConfigurationPlatforms) = preSolution
		Debug|Win32 = Debug|Win32
		Release|Win32 = Release|Win32
	EndGlobalSection
	GlobalSection(ProjectConfigurationPlatforms) = postSolution
		{F449E616-17AE-4C3F-9050-0A5814C23FAB}.Debug|Win32.ActiveCfg = Debug|Win32
		{F449E616-17AE-4C3F-9050-0A5814C23FAB}.Debug|Win32.Build.0 = Debug|Win32
		{F449E616-17AE-4C3F-9050-0A5814C23FAB}.Release|Win32.ActiveCfg = Release|Win32
		{F449E616-17AE-4C3F-9050-0A5814C23FAB}.Release|Win32.Build.0 = Release|Win32
	EndGlobalSection
	GlobalSection(SolutionProperties) = preSolution
		HideSolutionNode = FALSE
	EndGlobalSection
EndGlobal
